
Microsoft Visual Studio Solution File, Format Version 12.00
# Visual Studio Version 17
VisualStudioVersion = 17.13.35828.75
MinimumVisualStudioVersion = 10.0.40219.1
Project("{FAE04EC0-301F-11D3-BF4B-00C04F79EFBC}") = "ActivityList.Activity01", "ActivityList.Activity01\ActivityList.Activity01.csproj", "{D19E0A0B-E869-4B73-A033-ACD235D2B3AE}"
EndProject
Project("{FAE04EC0-301F-11D3-BF4B-00C04F79EFBC}") = "ActivityList.Activity02", "ActivityList.Activity02\ActivityList.Activity02.csproj", "{48A6F583-0943-4C58-90F0-CCA6AA4ADFBF}"
EndProject
Project("{FAE04EC0-301F-11D3-BF4B-00C04F79EFBC}") = "ActivityList.Activity03", "ActivityList.Activity03\ActivityList.Activity03.csproj", "{65CB9697-7F4F-4F1D-A3AC-0289E270E9F2}"
EndProject
Project("{FAE04EC0-301F-11D3-BF4B-00C04F79EFBC}") = "ActivityList.Activity04", "ActivityList.Activity04\ActivityList.Activity04.csproj", "{85D0E216-CBA2-4CFD-B70E-E65B9CD35A65}"
EndProject
Project("{FAE04EC0-301F-11D3-BF4B-00C04F79EFBC}") = "ActivityList.Activity05", "ActivityList05\ActivityList.Activity05.csproj", "{17998883-DA6D-4B87-A3F6-DBA4A81DB27E}"
EndProject
Project("{FAE04EC0-301F-11D3-BF4B-00C04F79EFBC}") = "ActivityList.Activity06", "ActivityList.Activity06\ActivityList.Activity06.csproj", "{6C2D669F-1334-48F3-94E0-2A4BB4D7EF0C}"
EndProject
Project("{FAE04EC0-301F-11D3-BF4B-00C04F79EFBC}") = "ActivityList.Activity07", "ActivityList.Activity07\ActivityList.Activity07.csproj", "{28B907FE-73CA-4AE1-828C-292D03DE717C}"
EndProject
Project("{FAE04EC0-301F-11D3-BF4B-00C04F79EFBC}") = "ActivityList.Activity08", "ActivityList.Activity08\ActivityList.Activity08.csproj", "{6E88D6B5-A6AA-41F0-9149-36E00E801158}"
EndProject
Project("{FAE04EC0-301F-11D3-BF4B-00C04F79EFBC}") = "ActivityList.Activity09", "ActivityList.Activity09\ActivityList.Activity09.csproj", "{C8F7259F-2B5A-48A0-B7CC-9901FC3D9D45}"
EndProject
Project("{FAE04EC0-301F-11D3-BF4B-00C04F79EFBC}") = "ActivityList.Activity10", "ActivityList.Activity10\ActivityList.Activity10.csproj", "{D9150D40-FC04-49BA-99E1-4D66C7123096}"
EndProject
Project("{FAE04EC0-301F-11D3-BF4B-00C04F79EFBC}") = "ActivityList.Activity11", "ActivityList.Activity11\ActivityList.Activity11.csproj", "{967494B0-027C-4C0F-80BB-3551F8C44649}"
EndProject
Project("{FAE04EC0-301F-11D3-BF4B-00C04F79EFBC}") = "ActivityList.Activity12", "ActivityList.Activity12\ActivityList.Activity12.csproj", "{761A8C45-7DEF-4038-ABB4-ED0F772FE453}"
EndProject
Project("{FAE04EC0-301F-11D3-BF4B-00C04F79EFBC}") = "ActivityList.Activity13", "ActivityList.Activity13\ActivityList.Activity13.csproj", "{517541E0-F446-4419-A1B0-278AF81DD042}"
EndProject
Project("{FAE04EC0-301F-11D3-BF4B-00C04F79EFBC}") = "ActivityList.Activity14", "ActivityList.Activity14\ActivityList.Activity14.csproj", "{FFC92AD7-C094-43E9-88E8-440D24A14F66}"
EndProject
Global
	GlobalSection(SolutionConfigurationPlatforms) = preSolution
		Debug|Any CPU = Debug|Any CPU
		Release|Any CPU = Release|Any CPU
	EndGlobalSection
	GlobalSection(ProjectConfigurationPlatforms) = postSolution
		{D19E0A0B-E869-4B73-A033-ACD235D2B3AE}.Debug|Any CPU.ActiveCfg = Debug|Any CPU
		{D19E0A0B-E869-4B73-A033-ACD235D2B3AE}.Debug|Any CPU.Build.0 = Debug|Any CPU
		{D19E0A0B-E869-4B73-A033-ACD235D2B3AE}.Release|Any CPU.ActiveCfg = Release|Any CPU
		{D19E0A0B-E869-4B73-A033-ACD235D2B3AE}.Release|Any CPU.Build.0 = Release|Any CPU
		{48A6F583-0943-4C58-90F0-CCA6AA4ADFBF}.Debug|Any CPU.ActiveCfg = Debug|Any CPU
		{48A6F583-0943-4C58-90F0-CCA6AA4ADFBF}.Debug|Any CPU.Build.0 = Debug|Any CPU
		{48A6F583-0943-4C58-90F0-CCA6AA4ADFBF}.Release|Any CPU.ActiveCfg = Release|Any CPU
		{48A6F583-0943-4C58-90F0-CCA6AA4ADFBF}.Release|Any CPU.Build.0 = Release|Any CPU
		{65CB9697-7F4F-4F1D-A3AC-0289E270E9F2}.Debug|Any CPU.ActiveCfg = Debug|Any CPU
		{65CB9697-7F4F-4F1D-A3AC-0289E270E9F2}.Debug|Any CPU.Build.0 = Debug|Any CPU
		{65CB9697-7F4F-4F1D-A3AC-0289E270E9F2}.Release|Any CPU.ActiveCfg = Release|Any CPU
		{65CB9697-7F4F-4F1D-A3AC-0289E270E9F2}.Release|Any CPU.Build.0 = Release|Any CPU
		{85D0E216-CBA2-4CFD-B70E-E65B9CD35A65}.Debug|Any CPU.ActiveCfg = Debug|Any CPU
		{85D0E216-CBA2-4CFD-B70E-E65B9CD35A65}.Debug|Any CPU.Build.0 = Debug|Any CPU
		{85D0E216-CBA2-4CFD-B70E-E65B9CD35A65}.Release|Any CPU.ActiveCfg = Release|Any CPU
		{85D0E216-CBA2-4CFD-B70E-E65B9CD35A65}.Release|Any CPU.Build.0 = Release|Any CPU
		{17998883-DA6D-4B87-A3F6-DBA4A81DB27E}.Debug|Any CPU.ActiveCfg = Debug|Any CPU
		{17998883-DA6D-4B87-A3F6-DBA4A81DB27E}.Debug|Any CPU.Build.0 = Debug|Any CPU
		{17998883-DA6D-4B87-A3F6-DBA4A81DB27E}.Release|Any CPU.ActiveCfg = Release|Any CPU
		{17998883-DA6D-4B87-A3F6-DBA4A81DB27E}.Release|Any CPU.Build.0 = Release|Any CPU
		{6C2D669F-1334-48F3-94E0-2A4BB4D7EF0C}.Debug|Any CPU.ActiveCfg = Debug|Any CPU
		{6C2D669F-1334-48F3-94E0-2A4BB4D7EF0C}.Debug|Any CPU.Build.0 = Debug|Any CPU
		{6C2D669F-1334-48F3-94E0-2A4BB4D7EF0C}.Release|Any CPU.ActiveCfg = Release|Any CPU
		{6C2D669F-1334-48F3-94E0-2A4BB4D7EF0C}.Release|Any CPU.Build.0 = Release|Any CPU
		{28B907FE-73CA-4AE1-828C-292D03DE717C}.Debug|Any CPU.ActiveCfg = Debug|Any CPU
		{28B907FE-73CA-4AE1-828C-292D03DE717C}.Debug|Any CPU.Build.0 = Debug|Any CPU
		{28B907FE-73CA-4AE1-828C-292D03DE717C}.Release|Any CPU.ActiveCfg = Release|Any CPU
		{28B907FE-73CA-4AE1-828C-292D03DE717C}.Release|Any CPU.Build.0 = Release|Any CPU
		{6E88D6B5-A6AA-41F0-9149-36E00E801158}.Debug|Any CPU.ActiveCfg = Debug|Any CPU
		{6E88D6B5-A6AA-41F0-9149-36E00E801158}.Debug|Any CPU.Build.0 = Debug|Any CPU
		{6E88D6B5-A6AA-41F0-9149-36E00E801158}.Release|Any CPU.ActiveCfg = Release|Any CPU
		{6E88D6B5-A6AA-41F0-9149-36E00E801158}.Release|Any CPU.Build.0 = Release|Any CPU
		{C8F7259F-2B5A-48A0-B7CC-9901FC3D9D45}.Debug|Any CPU.ActiveCfg = Debug|Any CPU
		{C8F7259F-2B5A-48A0-B7CC-9901FC3D9D45}.Debug|Any CPU.Build.0 = Debug|Any CPU
		{C8F7259F-2B5A-48A0-B7CC-9901FC3D9D45}.Release|Any CPU.ActiveCfg = Release|Any CPU
		{C8F7259F-2B5A-48A0-B7CC-9901FC3D9D45}.Release|Any CPU.Build.0 = Release|Any CPU
		{D9150D40-FC04-49BA-99E1-4D66C7123096}.Debug|Any CPU.ActiveCfg = Debug|Any CPU
		{D9150D40-FC04-49BA-99E1-4D66C7123096}.Debug|Any CPU.Build.0 = Debug|Any CPU
		{D9150D40-FC04-49BA-99E1-4D66C7123096}.Release|Any CPU.ActiveCfg = Release|Any CPU
		{D9150D40-FC04-49BA-99E1-4D66C7123096}.Release|Any CPU.Build.0 = Release|Any CPU
		{967494B0-027C-4C0F-80BB-3551F8C44649}.Debug|Any CPU.ActiveCfg = Debug|Any CPU
		{967494B0-027C-4C0F-80BB-3551F8C44649}.Debug|Any CPU.Build.0 = Debug|Any CPU
		{967494B0-027C-4C0F-80BB-3551F8C44649}.Release|Any CPU.ActiveCfg = Release|Any CPU
		{967494B0-027C-4C0F-80BB-3551F8C44649}.Release|Any CPU.Build.0 = Release|Any CPU
		{761A8C45-7DEF-4038-ABB4-ED0F772FE453}.Debug|Any CPU.ActiveCfg = Debug|Any CPU
		{761A8C45-7DEF-4038-ABB4-ED0F772FE453}.Debug|Any CPU.Build.0 = Debug|Any CPU
		{761A8C45-7DEF-4038-ABB4-ED0F772FE453}.Release|Any CPU.ActiveCfg = Release|Any CPU
		{761A8C45-7DEF-4038-ABB4-ED0F772FE453}.Release|Any CPU.Build.0 = Release|Any CPU
		{517541E0-F446-4419-A1B0-278AF81DD042}.Debug|Any CPU.ActiveCfg = Debug|Any CPU
		{517541E0-F446-4419-A1B0-278AF81DD042}.Debug|Any CPU.Build.0 = Debug|Any CPU
		{517541E0-F446-4419-A1B0-278AF81DD042}.Release|Any CPU.ActiveCfg = Release|Any CPU
		{517541E0-F446-4419-A1B0-278AF81DD042}.Release|Any CPU.Build.0 = Release|Any CPU
		{FFC92AD7-C094-43E9-88E8-440D24A14F66}.Debug|Any CPU.ActiveCfg = Debug|Any CPU
		{FFC92AD7-C094-43E9-88E8-440D24A14F66}.Debug|Any CPU.Build.0 = Debug|Any CPU
		{FFC92AD7-C094-43E9-88E8-440D24A14F66}.Release|Any CPU.ActiveCfg = Release|Any CPU
		{FFC92AD7-C094-43E9-88E8-440D24A14F66}.Release|Any CPU.Build.0 = Release|Any CPU
	EndGlobalSection
	GlobalSection(SolutionProperties) = preSolution
		HideSolutionNode = FALSE
	EndGlobalSection
	GlobalSection(ExtensibilityGlobals) = postSolution
		SolutionGuid = {603AC189-E425-424D-AA25-7551342E375E}
	EndGlobalSection
EndGlobal
